{
  "name": "resources",
  "version": "1.0.0",
  "lockfileVersion": 1,
  "requires": true,
  "dependencies": {
    "@sphinxxxx/color-conversion": {
      "version": "2.2.2",
      "resolved": "https://registry.npmjs.org/@sphinxxxx/color-conversion/-/color-conversion-2.2.2.tgz",
      "integrity": "sha512-XExJS3cLqgrmNBIP3bBw6+1oQ1ksGjFh0+oClDKFYpCCqx/hlqwWO5KO/S63fzUo67SxI9dMrF0y5T/Ey7h8Zw=="
    },
    "ace-builds": {
      "version": "1.4.12",
      "resolved": "https://registry.npmjs.org/ace-builds/-/ace-builds-1.4.12.tgz",
      "integrity": "sha512-G+chJctFPiiLGvs3+/Mly3apXTcfgE45dT5yp12BcWZ1kUs+gm0qd3/fv4gsz6fVag4mM0moHVpjHDIgph6Psg=="
    },
    "ajv": {
      "version": "6.12.6",
      "resolved": "https://registry.npmjs.org/ajv/-/ajv-6.12.6.tgz",
      "integrity": "sha512-j3fVLgvTo527anyYyJOGTYJbG+vnnQYvE0m5mmkc1TK+nxAppkCLMIL0aZ4dblVCNoGShhm+kzE4ZUykBoMg4g==",
      "requires": {
        "fast-deep-equal": "^3.1.1",
        "fast-json-stable-stringify": "^2.0.0",
        "json-schema-traverse": "^0.4.1",
        "uri-js": "^4.2.2"
      }
    },
    "dodex": {
      "version": "1.3.4",
      "resolved": "https://registry.npmjs.org/dodex/-/dodex-1.3.4.tgz",
      "integrity": "sha512-MBH89rSM7R734gOwLyc/2Ng/XKzp8eCWgml8q1ttHYKHzDyyEA/Jkf+xJxklq9Zn6NXoLbyxNYZxa1bUpKJ2Kw=="
    },
    "dodex-input": {
      "version": "1.3.0",
      "resolved": "https://registry.npmjs.org/dodex-input/-/dodex-input-1.3.0.tgz",
      "integrity": "sha512-Y3A/e952Mt8nnHSRTXQx/XS0xS1CzkKMyJXDBt7fpMSTzBQHOs8Z6RvLgTyGVAEw+nE8cxxdjzDUb5L7MOAEEw=="
    },
    "dodex-mess": {
      "version": "1.2.1",
      "resolved": "https://registry.npmjs.org/dodex-mess/-/dodex-mess-1.2.1.tgz",
      "integrity": "sha512-0DEmG4JCYn/oloiVw5YfQFpxSpVnmZUtXBXaoYcvTE1ycZsMe7xDkOpvIAdS+KbhyavHUoxTXOtmkUAluB37og=="
    },
    "fast-deep-equal": {
      "version": "3.1.3",
      "resolved": "https://registry.npmjs.org/fast-deep-equal/-/fast-deep-equal-3.1.3.tgz",
      "integrity": "sha512-f3qQ9oQy9j2AhBe/H9VC91wLmKBCCU/gDOnKNAYG5hswO7BLKj09Hc5HYNz9cGI++xlpDCIgDaitVs03ATR84Q=="
    },
    "fast-json-stable-stringify": {
      "version": "2.1.0",
      "resolved": "https://registry.npmjs.org/fast-json-stable-stringify/-/fast-json-stable-stringify-2.1.0.tgz",
      "integrity": "sha512-lhd/wF+Lk98HZoTCtlVraHtfh5XYijIjalXck7saUtuanSDyLMxnHhSXEDJqHxD7msR8D0uCmqlkwjCV8xvwHw=="
    },
    "javascript-natural-sort": {
      "version": "0.7.1",
      "resolved": "https://registry.npmjs.org/javascript-natural-sort/-/javascript-natural-sort-0.7.1.tgz",
      "integrity": "sha1-+eIwPUUH9tdDVac2ZNFED7Wg71k="
    },
    "jmespath": {
      "version": "0.15.0",
      "resolved": "https://registry.npmjs.org/jmespath/-/jmespath-0.15.0.tgz",
      "integrity": "sha1-o/Iiqarp+Wb10nx5ZRDigJF2Qhc="
    },
    "json-schema-traverse": {
      "version": "0.4.1",
      "resolved": "https://registry.npmjs.org/json-schema-traverse/-/json-schema-traverse-0.4.1.tgz",
      "integrity": "sha512-xbbCH5dCYU5T8LcEhhuh7HJ88HXuW3qsI3Y0zOZFKfZEHcpWiHU/Jxzk629Brsab/mMiHQti9wMP+845RPe3Vg=="
    },
    "json-source-map": {
      "version": "0.6.1",
      "resolved": "https://registry.npmjs.org/json-source-map/-/json-source-map-0.6.1.tgz",
      "integrity": "sha512-1QoztHPsMQqhDq0hlXY5ZqcEdUzxQEIxgFkKl4WUp2pgShObl+9ovi4kRh2TfvAfxAoHOJ9vIMEqk3k4iex7tg=="
    },
    "jsoneditor": {
      "version": "9.1.7",
      "resolved": "https://registry.npmjs.org/jsoneditor/-/jsoneditor-9.1.7.tgz",
      "integrity": "sha512-ykJOWFc98XJgyzSRDFZJET2MeW9BvZ0oUDo7FrInf7RSVQMRTb22kYjXlCEG9f3tN/bspaJeEtIXEU97sNa1Ww==",
      "requires": {
        "ace-builds": "^1.4.12",
        "ajv": "^6.12.6",
        "javascript-natural-sort": "^0.7.1",
        "jmespath": "^0.15.0",
        "json-source-map": "^0.6.1",
        "mobius1-selectr": "^2.4.13",
        "picomodal": "^3.0.0",
        "simple-json-repair": "^1.1.0",
        "vanilla-picker": "^2.11.0"
      }
    },
    "mobius1-selectr": {
      "version": "2.4.13",
      "resolved": "https://registry.npmjs.org/mobius1-selectr/-/mobius1-selectr-2.4.13.tgz",
      "integrity": "sha512-Mk9qDrvU44UUL0EBhbAA1phfQZ7aMZPjwtL7wkpiBzGh8dETGqfsh50mWoX9EkjDlkONlErWXArHCKfoxVg0Bw=="
    },
    "picomodal": {
      "version": "3.0.0",
      "resolved": "https://registry.npmjs.org/picomodal/-/picomodal-3.0.0.tgz",
      "integrity": "sha1-+s0w9PvzSoCcHgTqUl8ATzmcC4I="
    },
    "punycode": {
      "version": "2.1.1",
      "resolved": "https://registry.npmjs.org/punycode/-/punycode-2.1.1.tgz",
      "integrity": "sha512-XRsRjdf+j5ml+y/6GKHPZbrF/8p2Yga0JPtdqTIY2Xe5ohJPD9saDJJLPvp9+NSBprVvevdXZybnj2cv8OEd0A=="
    },
    "simple-json-repair": {
      "version": "1.1.0",
      "resolved": "https://registry.npmjs.org/simple-json-repair/-/simple-json-repair-1.1.0.tgz",
      "integrity": "sha512-i/5WfNV1HC00v9cYqHPJMkPwfh/Wrlimy76+1tOViFKU5u9wVn4jbsvIS3ljMjT1s4kKG9qyBv1D8Hfop3GpbQ=="
    },
    "uri-js": {
      "version": "4.4.0",
      "resolved": "https://registry.npmjs.org/uri-js/-/uri-js-4.4.0.tgz",
      "integrity": "sha512-B0yRTzYdUCCn9n+F4+Gh4yIDtMQcaJsmYBDsTSG8g/OejKBodLQ2IHfN3bM7jUsRXndopT7OIXWdYqc1fjmV6g==",
      "requires": {
        "punycode": "^2.1.0"
      }
    },
    "vanilla-picker": {
      "version": "2.11.0",
      "resolved": "https://registry.npmjs.org/vanilla-picker/-/vanilla-picker-2.11.0.tgz",
      "integrity": "sha512-MsTAyROQRN3yoUdToiQtfnW752wC9DpnXbOhAMGJgBi+TMDZ0IUfbmIVB5u3P1ltBDlqy8TjY59a4lOioSlgZw==",
      "requires": {
        "@sphinxxxx/color-conversion": "^2.2.2"
      }
    }
  }
}
