{
  "name": "resources",
  "version": "1.0.0",
  "lockfileVersion": 1,
  "requires": true,
  "dependencies": {
    "dodex": {
      "version": "1.3.0",
      "resolved": "https://registry.npmjs.org/dodex/-/dodex-1.3.0.tgz",
      "integrity": "sha512-ZJ55H/O4aazcMRfgkmW70jnKC5oNCrsq8Wr1os37qliTeXSHnJFxEKoOn1SsOLrJp3wicmSZ4ppCAp+9klfglA=="
    },
    "dodex-input": {
      "version": "1.2.0",
      "resolved": "https://registry.npmjs.org/dodex-input/-/dodex-input-1.2.0.tgz",
      "integrity": "sha512-DOzJ+Wscu/PeZ7cSvjbNEpRAIAHXZvWm0xnbyij1Av9O8DmA9LQ9kK9Z/0Zzv/4FcKm5tymZYdMm5I4Mte/nBA=="
    },
    "dodex-mess": {
      "version": "1.1.2",
      "resolved": "https://registry.npmjs.org/dodex-mess/-/dodex-mess-1.1.2.tgz",
      "integrity": "sha512-INJHiBLADK7ZGwI4AQUd8ZYBVYoKCXJJKW2IFhKPPMNwOVhFQA+n82uXVsaRw3hGEoFRUTdCtX7VsYJARJb6bg=="
    }
  }
}
